
Microsoft Visual Studio Solution File, Format Version 12.00
# Visual Studio Version 17
VisualStudioVersion = 17.8.34511.84
MinimumVisualStudioVersion = 10.0.40219.1
Project("{9A19103F-16F7-4668-BE54-9A1E7A4F7556}") = "Main.API", "Main.API\Main.API.csproj", "{FDC38A79-DD03-4174-A266-251B2B24CC99}"
	ProjectSection(ProjectDependencies) = postProject
		{097CB01B-2B8E-44F8-B5F7-260032D756FD} = {097CB01B-2B8E-44F8-B5F7-260032D756FD}
		{3AFF1255-F607-4C78-9FE7-BC01D8F4D108} = {3AFF1255-F607-4C78-9FE7-BC01D8F4D108}
		{FA45EBEB-BA74-4DF9-A029-5C38F9C44DC0} = {FA45EBEB-BA74-4DF9-A029-5C38F9C44DC0}
		{FAB7E647-FAC5-4333-9075-C8346372CC06} = {FAB7E647-FAC5-4333-9075-C8346372CC06}
	EndProjectSection
EndProject
Project("{9A19103F-16F7-4668-BE54-9A1E7A4F7556}") = "App.BLL", "App.BLL\App.BLL.csproj", "{FA45EBEB-BA74-4DF9-A029-5C38F9C44DC0}"
EndProject
Project("{9A19103F-16F7-4668-BE54-9A1E7A4F7556}") = "App.DAL", "App.DAL\App.DAL.csproj", "{FAB7E647-FAC5-4333-9075-C8346372CC06}"
EndProject
Project("{9A19103F-16F7-4668-BE54-9A1E7A4F7556}") = "App.Entity", "App.Entity\App.Entity.csproj", "{3AFF1255-F607-4C78-9FE7-BC01D8F4D108}"
EndProject
Project("{2150E333-8FDC-42A3-9474-1A3956D46DE8}") = "CORE", "CORE", "{A8F22EAC-9FE5-49A1-B3EA-B1871568BF89}"
EndProject
Project("{9A19103F-16F7-4668-BE54-9A1E7A4F7556}") = "Base.API", "Base.API\Base.API.csproj", "{04A3143B-CCDC-4665-AF2C-63F319973D38}"
EndProject
Project("{9A19103F-16F7-4668-BE54-9A1E7A4F7556}") = "Base.Common", "Base.Common\Base.Common.csproj", "{AF2DAE72-9FED-4365-968B-12F48317C727}"
EndProject
Project("{FAE04EC0-301F-11D3-BF4B-00C04F79EFBC}") = "Base.Utils", "Base.Utils\Base.Utils.csproj", "{097CB01B-2B8E-44F8-B5F7-260032D756FD}"
EndProject
Global
	GlobalSection(SolutionConfigurationPlatforms) = preSolution
		Beta|Any CPU = Beta|Any CPU
		Debug|Any CPU = Debug|Any CPU
		Release|Any CPU = Release|Any CPU
	EndGlobalSection
	GlobalSection(ProjectConfigurationPlatforms) = postSolution
		{FDC38A79-DD03-4174-A266-251B2B24CC99}.Beta|Any CPU.ActiveCfg = Release|Any CPU
		{FDC38A79-DD03-4174-A266-251B2B24CC99}.Beta|Any CPU.Build.0 = Release|Any CPU
		{FDC38A79-DD03-4174-A266-251B2B24CC99}.Debug|Any CPU.ActiveCfg = Debug|Any CPU
		{FDC38A79-DD03-4174-A266-251B2B24CC99}.Debug|Any CPU.Build.0 = Debug|Any CPU
		{FDC38A79-DD03-4174-A266-251B2B24CC99}.Release|Any CPU.ActiveCfg = Release|Any CPU
		{FDC38A79-DD03-4174-A266-251B2B24CC99}.Release|Any CPU.Build.0 = Release|Any CPU
		{FA45EBEB-BA74-4DF9-A029-5C38F9C44DC0}.Beta|Any CPU.ActiveCfg = Release|Any CPU
		{FA45EBEB-BA74-4DF9-A029-5C38F9C44DC0}.Beta|Any CPU.Build.0 = Release|Any CPU
		{FA45EBEB-BA74-4DF9-A029-5C38F9C44DC0}.Debug|Any CPU.ActiveCfg = Debug|Any CPU
		{FA45EBEB-BA74-4DF9-A029-5C38F9C44DC0}.Debug|Any CPU.Build.0 = Debug|Any CPU
		{FA45EBEB-BA74-4DF9-A029-5C38F9C44DC0}.Release|Any CPU.ActiveCfg = Release|Any CPU
		{FA45EBEB-BA74-4DF9-A029-5C38F9C44DC0}.Release|Any CPU.Build.0 = Release|Any CPU
		{FAB7E647-FAC5-4333-9075-C8346372CC06}.Beta|Any CPU.ActiveCfg = Release|Any CPU
		{FAB7E647-FAC5-4333-9075-C8346372CC06}.Beta|Any CPU.Build.0 = Release|Any CPU
		{FAB7E647-FAC5-4333-9075-C8346372CC06}.Debug|Any CPU.ActiveCfg = Debug|Any CPU
		{FAB7E647-FAC5-4333-9075-C8346372CC06}.Debug|Any CPU.Build.0 = Debug|Any CPU
		{FAB7E647-FAC5-4333-9075-C8346372CC06}.Release|Any CPU.ActiveCfg = Release|Any CPU
		{FAB7E647-FAC5-4333-9075-C8346372CC06}.Release|Any CPU.Build.0 = Release|Any CPU
		{3AFF1255-F607-4C78-9FE7-BC01D8F4D108}.Beta|Any CPU.ActiveCfg = Release|Any CPU
		{3AFF1255-F607-4C78-9FE7-BC01D8F4D108}.Beta|Any CPU.Build.0 = Release|Any CPU
		{3AFF1255-F607-4C78-9FE7-BC01D8F4D108}.Debug|Any CPU.ActiveCfg = Debug|Any CPU
		{3AFF1255-F607-4C78-9FE7-BC01D8F4D108}.Debug|Any CPU.Build.0 = Debug|Any CPU
		{3AFF1255-F607-4C78-9FE7-BC01D8F4D108}.Release|Any CPU.ActiveCfg = Release|Any CPU
		{3AFF1255-F607-4C78-9FE7-BC01D8F4D108}.Release|Any CPU.Build.0 = Release|Any CPU
		{04A3143B-CCDC-4665-AF2C-63F319973D38}.Beta|Any CPU.ActiveCfg = Debug|Any CPU
		{04A3143B-CCDC-4665-AF2C-63F319973D38}.Beta|Any CPU.Build.0 = Debug|Any CPU
		{04A3143B-CCDC-4665-AF2C-63F319973D38}.Debug|Any CPU.ActiveCfg = Debug|Any CPU
		{04A3143B-CCDC-4665-AF2C-63F319973D38}.Debug|Any CPU.Build.0 = Debug|Any CPU
		{04A3143B-CCDC-4665-AF2C-63F319973D38}.Release|Any CPU.ActiveCfg = Release|Any CPU
		{04A3143B-CCDC-4665-AF2C-63F319973D38}.Release|Any CPU.Build.0 = Release|Any CPU
		{AF2DAE72-9FED-4365-968B-12F48317C727}.Beta|Any CPU.ActiveCfg = Debug|Any CPU
		{AF2DAE72-9FED-4365-968B-12F48317C727}.Beta|Any CPU.Build.0 = Debug|Any CPU
		{AF2DAE72-9FED-4365-968B-12F48317C727}.Debug|Any CPU.ActiveCfg = Debug|Any CPU
		{AF2DAE72-9FED-4365-968B-12F48317C727}.Debug|Any CPU.Build.0 = Debug|Any CPU
		{AF2DAE72-9FED-4365-968B-12F48317C727}.Release|Any CPU.ActiveCfg = Release|Any CPU
		{AF2DAE72-9FED-4365-968B-12F48317C727}.Release|Any CPU.Build.0 = Release|Any CPU
		{097CB01B-2B8E-44F8-B5F7-260032D756FD}.Beta|Any CPU.ActiveCfg = Debug|Any CPU
		{097CB01B-2B8E-44F8-B5F7-260032D756FD}.Beta|Any CPU.Build.0 = Debug|Any CPU
		{097CB01B-2B8E-44F8-B5F7-260032D756FD}.Debug|Any CPU.ActiveCfg = Debug|Any CPU
		{097CB01B-2B8E-44F8-B5F7-260032D756FD}.Debug|Any CPU.Build.0 = Debug|Any CPU
		{097CB01B-2B8E-44F8-B5F7-260032D756FD}.Release|Any CPU.ActiveCfg = Release|Any CPU
		{097CB01B-2B8E-44F8-B5F7-260032D756FD}.Release|Any CPU.Build.0 = Release|Any CPU
	EndGlobalSection
	GlobalSection(SolutionProperties) = preSolution
		HideSolutionNode = FALSE
	EndGlobalSection
	GlobalSection(NestedProjects) = preSolution
		{04A3143B-CCDC-4665-AF2C-63F319973D38} = {A8F22EAC-9FE5-49A1-B3EA-B1871568BF89}
		{AF2DAE72-9FED-4365-968B-12F48317C727} = {A8F22EAC-9FE5-49A1-B3EA-B1871568BF89}
		{097CB01B-2B8E-44F8-B5F7-260032D756FD} = {A8F22EAC-9FE5-49A1-B3EA-B1871568BF89}
	EndGlobalSection
	GlobalSection(ExtensibilityGlobals) = postSolution
		SolutionGuid = {E355E01A-1475-4E12-BE81-A1A65506CD04}
	EndGlobalSection
EndGlobal
